
Microsoft Visual Studio Solution File, Format Version 12.00
# Visual Studio Version 17
VisualStudioVersion = 17.9.34723.18
MinimumVisualStudioVersion = 10.0.40219.1
Project("{FAE04EC0-301F-11D3-BF4B-00C04F79EFBC}") = "Editor", "Editor\Editor.csproj", "{3564F4D0-0FCB-479D-A7CE-44FDFAFBAEEC}"
EndProject
Project("{FAE04EC0-301F-11D3-BF4B-00C04F79EFBC}") = "GrammarDbConverter", "GrammarDbConverter\GrammarDbConverter.csproj", "{ABC873AC-FB48-4028-B177-44A399E3C7D7}"
EndProject
Global
	GlobalSection(SolutionConfigurationPlatforms) = preSolution
		Debug|Any CPU = Debug|Any CPU
		Release|Any CPU = Release|Any CPU
	EndGlobalSection
	GlobalSection(ProjectConfigurationPlatforms) = postSolution
		{3564F4D0-0FCB-479D-A7CE-44FDFAFBAEEC}.Debug|Any CPU.ActiveCfg = Debug|Any CPU
		{3564F4D0-0FCB-479D-A7CE-44FDFAFBAEEC}.Debug|Any CPU.Build.0 = Debug|Any CPU
		{3564F4D0-0FCB-479D-A7CE-44FDFAFBAEEC}.Release|Any CPU.ActiveCfg = Release|Any CPU
		{3564F4D0-0FCB-479D-A7CE-44FDFAFBAEEC}.Release|Any CPU.Build.0 = Release|Any CPU
		{ABC873AC-FB48-4028-B177-44A399E3C7D7}.Debug|Any CPU.ActiveCfg = Debug|Any CPU
		{ABC873AC-FB48-4028-B177-44A399E3C7D7}.Debug|Any CPU.Build.0 = Debug|Any CPU
		{ABC873AC-FB48-4028-B177-44A399E3C7D7}.Release|Any CPU.ActiveCfg = Release|Any CPU
		{ABC873AC-FB48-4028-B177-44A399E3C7D7}.Release|Any CPU.Build.0 = Release|Any CPU
	EndGlobalSection
	GlobalSection(SolutionProperties) = preSolution
		HideSolutionNode = FALSE
	EndGlobalSection
	GlobalSection(ExtensibilityGlobals) = postSolution
		SolutionGuid = {507B5EEC-307B-4EC6-AE7D-05EFE96415A3}
	EndGlobalSection
EndGlobal
